
Microsoft Visual Studio Solution File, Format Version 12.00
Project("{FAE04EC0-301F-11D3-BF4B-00C04F79EFBC}") = "PayGate", "PayGate\PayGate.csproj", "{C357E707-2780-48E9-9643-00B159680F32}"
EndProject
Global
	GlobalSection(SolutionConfigurationPlatforms) = preSolution
		Debug|Any CPU = Debug|Any CPU
		Release|Any CPU = Release|Any CPU
	EndGlobalSection
	GlobalSection(ProjectConfigurationPlatforms) = postSolution
		{C357E707-2780-48E9-9643-00B159680F32}.Debug|Any CPU.ActiveCfg = Debug|Any CPU
		{C357E707-2780-48E9-9643-00B159680F32}.Debug|Any CPU.Build.0 = Debug|Any CPU
		{C357E707-2780-48E9-9643-00B159680F32}.Release|Any CPU.ActiveCfg = Release|Any CPU
		{C357E707-2780-48E9-9643-00B159680F32}.Release|Any CPU.Build.0 = Release|Any CPU
	EndGlobalSection
EndGlobal
